
Microsoft Visual Studio Solution File, Format Version 12.00
Project("{FAE04EC0-301F-11D3-BF4B-00C04F79EFBC}") = "lab_1", "lab_1\lab_1.csproj", "{545BD86B-B9FA-40B4-B60C-CD6E1060FA9A}"
EndProject
Project("{FAE04EC0-301F-11D3-BF4B-00C04F79EFBC}") = "lab_2", "lab_2\lab_2.csproj", "{BAF80DDF-D4C7-490D-8E75-009575489A67}"
EndProject
Project("{FAE04EC0-301F-11D3-BF4B-00C04F79EFBC}") = "lab_3", "lab_3\lab_3.csproj", "{54585BA0-F8AF-4EA3-BCD2-79E08CE65ADE}"
EndProject
Project("{FAE04EC0-301F-11D3-BF4B-00C04F79EFBC}") = "lab_4", "lab_4\lab_4.csproj", "{1DD4CD7A-9CC1-4E9E-8A6A-3DC18E9D7554}"
EndProject
Project("{FAE04EC0-301F-11D3-BF4B-00C04F79EFBC}") = "lab_5", "lab_5\lab_5.csproj", "{09623C07-0F44-4818-9F36-9364CE42C50E}"
EndProject
Project("{FAE04EC0-301F-11D3-BF4B-00C04F79EFBC}") = "lab_6", "lab_6\lab_6.csproj", "{52491DB1-E75D-4346-A0DD-41BE336850CF}"
EndProject
Project("{FAE04EC0-301F-11D3-BF4B-00C04F79EFBC}") = "lab_7", "lab_7\lab_7.csproj", "{C8B81D95-CE5C-4CA1-A073-67D848732C45}"
EndProject
Global
	GlobalSection(SolutionConfigurationPlatforms) = preSolution
		Debug|Any CPU = Debug|Any CPU
		Release|Any CPU = Release|Any CPU
	EndGlobalSection
	GlobalSection(ProjectConfigurationPlatforms) = postSolution
		{545BD86B-B9FA-40B4-B60C-CD6E1060FA9A}.Debug|Any CPU.ActiveCfg = Debug|Any CPU
		{545BD86B-B9FA-40B4-B60C-CD6E1060FA9A}.Debug|Any CPU.Build.0 = Debug|Any CPU
		{545BD86B-B9FA-40B4-B60C-CD6E1060FA9A}.Release|Any CPU.ActiveCfg = Release|Any CPU
		{545BD86B-B9FA-40B4-B60C-CD6E1060FA9A}.Release|Any CPU.Build.0 = Release|Any CPU
		{BAF80DDF-D4C7-490D-8E75-009575489A67}.Debug|Any CPU.ActiveCfg = Debug|Any CPU
		{BAF80DDF-D4C7-490D-8E75-009575489A67}.Debug|Any CPU.Build.0 = Debug|Any CPU
		{BAF80DDF-D4C7-490D-8E75-009575489A67}.Release|Any CPU.ActiveCfg = Release|Any CPU
		{BAF80DDF-D4C7-490D-8E75-009575489A67}.Release|Any CPU.Build.0 = Release|Any CPU
		{54585BA0-F8AF-4EA3-BCD2-79E08CE65ADE}.Debug|Any CPU.ActiveCfg = Debug|Any CPU
		{54585BA0-F8AF-4EA3-BCD2-79E08CE65ADE}.Debug|Any CPU.Build.0 = Debug|Any CPU
		{54585BA0-F8AF-4EA3-BCD2-79E08CE65ADE}.Release|Any CPU.ActiveCfg = Release|Any CPU
		{54585BA0-F8AF-4EA3-BCD2-79E08CE65ADE}.Release|Any CPU.Build.0 = Release|Any CPU
		{1DD4CD7A-9CC1-4E9E-8A6A-3DC18E9D7554}.Debug|Any CPU.ActiveCfg = Debug|Any CPU
		{1DD4CD7A-9CC1-4E9E-8A6A-3DC18E9D7554}.Debug|Any CPU.Build.0 = Debug|Any CPU
		{1DD4CD7A-9CC1-4E9E-8A6A-3DC18E9D7554}.Release|Any CPU.ActiveCfg = Release|Any CPU
		{1DD4CD7A-9CC1-4E9E-8A6A-3DC18E9D7554}.Release|Any CPU.Build.0 = Release|Any CPU
		{09623C07-0F44-4818-9F36-9364CE42C50E}.Debug|Any CPU.ActiveCfg = Debug|Any CPU
		{09623C07-0F44-4818-9F36-9364CE42C50E}.Debug|Any CPU.Build.0 = Debug|Any CPU
		{09623C07-0F44-4818-9F36-9364CE42C50E}.Release|Any CPU.ActiveCfg = Release|Any CPU
		{09623C07-0F44-4818-9F36-9364CE42C50E}.Release|Any CPU.Build.0 = Release|Any CPU
		{52491DB1-E75D-4346-A0DD-41BE336850CF}.Debug|Any CPU.ActiveCfg = Debug|Any CPU
		{52491DB1-E75D-4346-A0DD-41BE336850CF}.Debug|Any CPU.Build.0 = Debug|Any CPU
		{52491DB1-E75D-4346-A0DD-41BE336850CF}.Release|Any CPU.ActiveCfg = Release|Any CPU
		{52491DB1-E75D-4346-A0DD-41BE336850CF}.Release|Any CPU.Build.0 = Release|Any CPU
		{C8B81D95-CE5C-4CA1-A073-67D848732C45}.Debug|Any CPU.ActiveCfg = Debug|Any CPU
		{C8B81D95-CE5C-4CA1-A073-67D848732C45}.Debug|Any CPU.Build.0 = Debug|Any CPU
		{C8B81D95-CE5C-4CA1-A073-67D848732C45}.Release|Any CPU.ActiveCfg = Release|Any CPU
		{C8B81D95-CE5C-4CA1-A073-67D848732C45}.Release|Any CPU.Build.0 = Release|Any CPU
	EndGlobalSection
	GlobalSection(NestedProjects) = preSolution
	EndGlobalSection
EndGlobal
